
Microsoft Visual Studio Solution File, Format Version 11.00
# Visual Studio 2010
Project("{2150E333-8FDC-42A3-9474-1A3956D46DE8}") = "Solution Items", "Solution Items", "{A9BA4CC9-A378-4BEE-A72F-4A2ACCAB8DA6}"
	ProjectSection(SolutionItems) = preProject
		Chraft.vsmdi = Chraft.vsmdi
		Local.testsettings = Local.testsettings
		TraceAndTestImpact.testsettings = TraceAndTestImpact.testsettings
	EndProjectSection
EndProject
Project("{FAE04EC0-301F-11D3-BF4B-00C04F79EFBC}") = "Chraft", "Chraft\Chraft.csproj", "{024D469C-C147-4BCF-8E17-1833AA8B34DC}"
EndProject
Project("{FAE04EC0-301F-11D3-BF4B-00C04F79EFBC}") = "Chrash", "Chrash\Chrash.csproj", "{CCE4F70B-BAC4-4A5A-BE92-30CDA6933C4F}"
EndProject
Global
	GlobalSection(TestCaseManagementSettings) = postSolution
		CategoryFile = Chraft.vsmdi
	EndGlobalSection
	GlobalSection(SolutionConfigurationPlatforms) = preSolution
		Debug|Any CPU = Debug|Any CPU
		Debug|Mixed Platforms = Debug|Mixed Platforms
		Debug|x86 = Debug|x86
		Release|Any CPU = Release|Any CPU
		Release|Mixed Platforms = Release|Mixed Platforms
		Release|x86 = Release|x86
	EndGlobalSection
	GlobalSection(ProjectConfigurationPlatforms) = postSolution
		{024D469C-C147-4BCF-8E17-1833AA8B34DC}.Debug|Any CPU.ActiveCfg = Debug|Any CPU
		{024D469C-C147-4BCF-8E17-1833AA8B34DC}.Debug|Any CPU.Build.0 = Debug|Any CPU
		{024D469C-C147-4BCF-8E17-1833AA8B34DC}.Debug|Mixed Platforms.ActiveCfg = Debug|Any CPU
		{024D469C-C147-4BCF-8E17-1833AA8B34DC}.Debug|Mixed Platforms.Build.0 = Debug|Any CPU
		{024D469C-C147-4BCF-8E17-1833AA8B34DC}.Debug|x86.ActiveCfg = Debug|x86
		{024D469C-C147-4BCF-8E17-1833AA8B34DC}.Debug|x86.Build.0 = Debug|x86
		{024D469C-C147-4BCF-8E17-1833AA8B34DC}.Release|Any CPU.ActiveCfg = Release|x86
		{024D469C-C147-4BCF-8E17-1833AA8B34DC}.Release|Any CPU.Build.0 = Release|Any CPU
		{024D469C-C147-4BCF-8E17-1833AA8B34DC}.Release|Mixed Platforms.ActiveCfg = Release|x86
		{024D469C-C147-4BCF-8E17-1833AA8B34DC}.Release|Mixed Platforms.Build.0 = Release|x86
		{024D469C-C147-4BCF-8E17-1833AA8B34DC}.Release|x86.ActiveCfg = Release|x86
		{024D469C-C147-4BCF-8E17-1833AA8B34DC}.Release|x86.Build.0 = Release|x86
		{CCE4F70B-BAC4-4A5A-BE92-30CDA6933C4F}.Debug|Any CPU.ActiveCfg = Debug|Any CPU
		{CCE4F70B-BAC4-4A5A-BE92-30CDA6933C4F}.Debug|Any CPU.Build.0 = Debug|Any CPU
		{CCE4F70B-BAC4-4A5A-BE92-30CDA6933C4F}.Debug|Mixed Platforms.ActiveCfg = Debug|Any CPU
		{CCE4F70B-BAC4-4A5A-BE92-30CDA6933C4F}.Debug|Mixed Platforms.Build.0 = Debug|Any CPU
		{CCE4F70B-BAC4-4A5A-BE92-30CDA6933C4F}.Debug|x86.ActiveCfg = Debug|Any CPU
		{CCE4F70B-BAC4-4A5A-BE92-30CDA6933C4F}.Release|Any CPU.ActiveCfg = Release|Any CPU
		{CCE4F70B-BAC4-4A5A-BE92-30CDA6933C4F}.Release|Any CPU.Build.0 = Release|Any CPU
		{CCE4F70B-BAC4-4A5A-BE92-30CDA6933C4F}.Release|Mixed Platforms.ActiveCfg = Release|Any CPU
		{CCE4F70B-BAC4-4A5A-BE92-30CDA6933C4F}.Release|Mixed Platforms.Build.0 = Release|Any CPU
		{CCE4F70B-BAC4-4A5A-BE92-30CDA6933C4F}.Release|x86.ActiveCfg = Release|Any CPU
	EndGlobalSection
	GlobalSection(SolutionProperties) = preSolution
		HideSolutionNode = FALSE
	EndGlobalSection
EndGlobal
